
Microsoft Visual Studio Solution File, Format Version 12.00
# Visual Studio Version 16
VisualStudioVersion = 16.0.32002.261
MinimumVisualStudioVersion = 10.0.40219.1
Project("{FAE04EC0-301F-11D3-BF4B-00C04F79EFBC}") = "EjemploMetodoLambda", "EjemploMetodoLambda\EjemploMetodoLambda.csproj", "{8F587D93-6F39-4F3C-ADF0-2BF3FD2B68ED}"
EndProject
Global
	GlobalSection(SolutionConfigurationPlatforms) = preSolution
		Debug|Any CPU = Debug|Any CPU
		Release|Any CPU = Release|Any CPU
	EndGlobalSection
	GlobalSection(ProjectConfigurationPlatforms) = postSolution
		{8F587D93-6F39-4F3C-ADF0-2BF3FD2B68ED}.Debug|Any CPU.ActiveCfg = Debug|Any CPU
		{8F587D93-6F39-4F3C-ADF0-2BF3FD2B68ED}.Debug|Any CPU.Build.0 = Debug|Any CPU
		{8F587D93-6F39-4F3C-ADF0-2BF3FD2B68ED}.Release|Any CPU.ActiveCfg = Release|Any CPU
		{8F587D93-6F39-4F3C-ADF0-2BF3FD2B68ED}.Release|Any CPU.Build.0 = Release|Any CPU
	EndGlobalSection
	GlobalSection(SolutionProperties) = preSolution
		HideSolutionNode = FALSE
	EndGlobalSection
	GlobalSection(ExtensibilityGlobals) = postSolution
		SolutionGuid = {CE4C8F0C-EA3E-4DAA-8B44-446B6B44D49D}
	EndGlobalSection
EndGlobal
