
Microsoft Visual Studio Solution File, Format Version 12.00
# Visual Studio Version 16
VisualStudioVersion = 16.0.32002.261
MinimumVisualStudioVersion = 10.0.40219.1
Project("{FAE04EC0-301F-11D3-BF4B-00C04F79EFBC}") = "14012022", "14012022\14012022.csproj", "{ABEE1B80-3326-4995-8204-5FDEE5F14A4A}"
EndProject
Global
	GlobalSection(SolutionConfigurationPlatforms) = preSolution
		Debug|Any CPU = Debug|Any CPU
		Release|Any CPU = Release|Any CPU
	EndGlobalSection
	GlobalSection(ProjectConfigurationPlatforms) = postSolution
		{ABEE1B80-3326-4995-8204-5FDEE5F14A4A}.Debug|Any CPU.ActiveCfg = Debug|Any CPU
		{ABEE1B80-3326-4995-8204-5FDEE5F14A4A}.Debug|Any CPU.Build.0 = Debug|Any CPU
		{ABEE1B80-3326-4995-8204-5FDEE5F14A4A}.Release|Any CPU.ActiveCfg = Release|Any CPU
		{ABEE1B80-3326-4995-8204-5FDEE5F14A4A}.Release|Any CPU.Build.0 = Release|Any CPU
	EndGlobalSection
	GlobalSection(SolutionProperties) = preSolution
		HideSolutionNode = FALSE
	EndGlobalSection
	GlobalSection(ExtensibilityGlobals) = postSolution
		SolutionGuid = {B7500C95-6E46-424E-9A40-C8994EF86505}
	EndGlobalSection
EndGlobal
