
Microsoft Visual Studio Solution File, Format Version 12.00
# Visual Studio Version 16
VisualStudioVersion = 16.0.32002.261
MinimumVisualStudioVersion = 10.0.40219.1
Project("{FAE04EC0-301F-11D3-BF4B-00C04F79EFBC}") = "Ejemplo1MetodoSuma", "Ejemplo1MetodoSuma\Ejemplo1MetodoSuma.csproj", "{3A86D60F-DF3C-4DF5-83CF-59B073AC3403}"
EndProject
Global
	GlobalSection(SolutionConfigurationPlatforms) = preSolution
		Debug|Any CPU = Debug|Any CPU
		Release|Any CPU = Release|Any CPU
	EndGlobalSection
	GlobalSection(ProjectConfigurationPlatforms) = postSolution
		{3A86D60F-DF3C-4DF5-83CF-59B073AC3403}.Debug|Any CPU.ActiveCfg = Debug|Any CPU
		{3A86D60F-DF3C-4DF5-83CF-59B073AC3403}.Debug|Any CPU.Build.0 = Debug|Any CPU
		{3A86D60F-DF3C-4DF5-83CF-59B073AC3403}.Release|Any CPU.ActiveCfg = Release|Any CPU
		{3A86D60F-DF3C-4DF5-83CF-59B073AC3403}.Release|Any CPU.Build.0 = Release|Any CPU
	EndGlobalSection
	GlobalSection(SolutionProperties) = preSolution
		HideSolutionNode = FALSE
	EndGlobalSection
	GlobalSection(ExtensibilityGlobals) = postSolution
		SolutionGuid = {4DAF2E28-2EA6-45AE-BFDD-0A34F28C288C}
	EndGlobalSection
EndGlobal
