
Microsoft Visual Studio Solution File, Format Version 12.00
# Visual Studio Version 16
VisualStudioVersion = 16.0.32002.261
MinimumVisualStudioVersion = 10.0.40219.1
Project("{FAE04EC0-301F-11D3-BF4B-00C04F79EFBC}") = "Ejercicio3Arreglo", "Ejercicio3Arreglo\Ejercicio3Arreglo.csproj", "{95803075-2E32-4C00-A631-CFEAB245C97A}"
EndProject
Global
	GlobalSection(SolutionConfigurationPlatforms) = preSolution
		Debug|Any CPU = Debug|Any CPU
		Release|Any CPU = Release|Any CPU
	EndGlobalSection
	GlobalSection(ProjectConfigurationPlatforms) = postSolution
		{95803075-2E32-4C00-A631-CFEAB245C97A}.Debug|Any CPU.ActiveCfg = Debug|Any CPU
		{95803075-2E32-4C00-A631-CFEAB245C97A}.Debug|Any CPU.Build.0 = Debug|Any CPU
		{95803075-2E32-4C00-A631-CFEAB245C97A}.Release|Any CPU.ActiveCfg = Release|Any CPU
		{95803075-2E32-4C00-A631-CFEAB245C97A}.Release|Any CPU.Build.0 = Release|Any CPU
	EndGlobalSection
	GlobalSection(SolutionProperties) = preSolution
		HideSolutionNode = FALSE
	EndGlobalSection
	GlobalSection(ExtensibilityGlobals) = postSolution
		SolutionGuid = {56E49683-3966-4985-BE18-894AD8AC7659}
	EndGlobalSection
EndGlobal
