
Microsoft Visual Studio Solution File, Format Version 12.00
# Visual Studio Version 16
VisualStudioVersion = 16.0.32002.261
MinimumVisualStudioVersion = 10.0.40219.1
Project("{FAE04EC0-301F-11D3-BF4B-00C04F79EFBC}") = "EjemploPasarArrayComoParametro", "EjemploPasarArrayComoParametro\EjemploPasarArrayComoParametro.csproj", "{9B2AC4AA-C3D2-41D7-BE05-C2148DD9A95E}"
EndProject
Global
	GlobalSection(SolutionConfigurationPlatforms) = preSolution
		Debug|Any CPU = Debug|Any CPU
		Release|Any CPU = Release|Any CPU
	EndGlobalSection
	GlobalSection(ProjectConfigurationPlatforms) = postSolution
		{9B2AC4AA-C3D2-41D7-BE05-C2148DD9A95E}.Debug|Any CPU.ActiveCfg = Debug|Any CPU
		{9B2AC4AA-C3D2-41D7-BE05-C2148DD9A95E}.Debug|Any CPU.Build.0 = Debug|Any CPU
		{9B2AC4AA-C3D2-41D7-BE05-C2148DD9A95E}.Release|Any CPU.ActiveCfg = Release|Any CPU
		{9B2AC4AA-C3D2-41D7-BE05-C2148DD9A95E}.Release|Any CPU.Build.0 = Release|Any CPU
	EndGlobalSection
	GlobalSection(SolutionProperties) = preSolution
		HideSolutionNode = FALSE
	EndGlobalSection
	GlobalSection(ExtensibilityGlobals) = postSolution
		SolutionGuid = {3146BA78-C1E2-4FFD-B1C8-D508BFECAB3D}
	EndGlobalSection
EndGlobal
