
Microsoft Visual Studio Solution File, Format Version 12.00
# Visual Studio Version 16
VisualStudioVersion = 16.0.32002.261
MinimumVisualStudioVersion = 10.0.40219.1
Project("{FAE04EC0-301F-11D3-BF4B-00C04F79EFBC}") = "EjemploArbolGenerico", "EjemploArbolGenerico\EjemploArbolGenerico.csproj", "{E1DCCDD7-6DED-45E5-A32D-7ED7C1CFF5AB}"
EndProject
Global
	GlobalSection(SolutionConfigurationPlatforms) = preSolution
		Debug|Any CPU = Debug|Any CPU
		Release|Any CPU = Release|Any CPU
	EndGlobalSection
	GlobalSection(ProjectConfigurationPlatforms) = postSolution
		{E1DCCDD7-6DED-45E5-A32D-7ED7C1CFF5AB}.Debug|Any CPU.ActiveCfg = Debug|Any CPU
		{E1DCCDD7-6DED-45E5-A32D-7ED7C1CFF5AB}.Debug|Any CPU.Build.0 = Debug|Any CPU
		{E1DCCDD7-6DED-45E5-A32D-7ED7C1CFF5AB}.Release|Any CPU.ActiveCfg = Release|Any CPU
		{E1DCCDD7-6DED-45E5-A32D-7ED7C1CFF5AB}.Release|Any CPU.Build.0 = Release|Any CPU
	EndGlobalSection
	GlobalSection(SolutionProperties) = preSolution
		HideSolutionNode = FALSE
	EndGlobalSection
	GlobalSection(ExtensibilityGlobals) = postSolution
		SolutionGuid = {CED54B6D-1B7A-485D-B929-A2E50252460D}
	EndGlobalSection
EndGlobal
