
Microsoft Visual Studio Solution File, Format Version 12.00
# Visual Studio Version 16
VisualStudioVersion = 16.0.32002.261
MinimumVisualStudioVersion = 10.0.40219.1
Project("{FAE04EC0-301F-11D3-BF4B-00C04F79EFBC}") = "EjemploMetodoPaseParametros", "EjemploMetodoPaseParametros\EjemploMetodoPaseParametros.csproj", "{953B08B8-6846-487D-9484-A27BD76D5DDE}"
EndProject
Global
	GlobalSection(SolutionConfigurationPlatforms) = preSolution
		Debug|Any CPU = Debug|Any CPU
		Release|Any CPU = Release|Any CPU
	EndGlobalSection
	GlobalSection(ProjectConfigurationPlatforms) = postSolution
		{953B08B8-6846-487D-9484-A27BD76D5DDE}.Debug|Any CPU.ActiveCfg = Debug|Any CPU
		{953B08B8-6846-487D-9484-A27BD76D5DDE}.Debug|Any CPU.Build.0 = Debug|Any CPU
		{953B08B8-6846-487D-9484-A27BD76D5DDE}.Release|Any CPU.ActiveCfg = Release|Any CPU
		{953B08B8-6846-487D-9484-A27BD76D5DDE}.Release|Any CPU.Build.0 = Release|Any CPU
	EndGlobalSection
	GlobalSection(SolutionProperties) = preSolution
		HideSolutionNode = FALSE
	EndGlobalSection
	GlobalSection(ExtensibilityGlobals) = postSolution
		SolutionGuid = {2439315D-CE33-4A51-86A7-133FB0B19269}
	EndGlobalSection
EndGlobal
