
Microsoft Visual Studio Solution File, Format Version 12.00
# Visual Studio Version 16
VisualStudioVersion = 16.0.32002.261
MinimumVisualStudioVersion = 10.0.40219.1
Project("{FAE04EC0-301F-11D3-BF4B-00C04F79EFBC}") = "EjemploEntiryMejorado", "EjemploEntiryMejorado\EjemploEntiryMejorado.csproj", "{1F0045C3-2E02-461E-8B67-11BD53142097}"
EndProject
Project("{FAE04EC0-301F-11D3-BF4B-00C04F79EFBC}") = "PantallaEstudiantes", "PantallaEstudiantes\PantallaEstudiantes.csproj", "{630A9314-3373-4292-989B-778CD13CA551}"
EndProject
Global
	GlobalSection(SolutionConfigurationPlatforms) = preSolution
		Debug|Any CPU = Debug|Any CPU
		Release|Any CPU = Release|Any CPU
	EndGlobalSection
	GlobalSection(ProjectConfigurationPlatforms) = postSolution
		{1F0045C3-2E02-461E-8B67-11BD53142097}.Debug|Any CPU.ActiveCfg = Debug|Any CPU
		{1F0045C3-2E02-461E-8B67-11BD53142097}.Debug|Any CPU.Build.0 = Debug|Any CPU
		{1F0045C3-2E02-461E-8B67-11BD53142097}.Release|Any CPU.ActiveCfg = Release|Any CPU
		{1F0045C3-2E02-461E-8B67-11BD53142097}.Release|Any CPU.Build.0 = Release|Any CPU
		{630A9314-3373-4292-989B-778CD13CA551}.Debug|Any CPU.ActiveCfg = Debug|Any CPU
		{630A9314-3373-4292-989B-778CD13CA551}.Debug|Any CPU.Build.0 = Debug|Any CPU
		{630A9314-3373-4292-989B-778CD13CA551}.Release|Any CPU.ActiveCfg = Release|Any CPU
		{630A9314-3373-4292-989B-778CD13CA551}.Release|Any CPU.Build.0 = Release|Any CPU
	EndGlobalSection
	GlobalSection(SolutionProperties) = preSolution
		HideSolutionNode = FALSE
	EndGlobalSection
	GlobalSection(ExtensibilityGlobals) = postSolution
		SolutionGuid = {40AB54AA-9086-4E17-A3F7-8C623A6A1F00}
	EndGlobalSection
EndGlobal
