
Microsoft Visual Studio Solution File, Format Version 12.00
# Visual Studio Version 16
VisualStudioVersion = 16.0.32002.261
MinimumVisualStudioVersion = 10.0.40219.1
Project("{FAE04EC0-301F-11D3-BF4B-00C04F79EFBC}") = "EjemploConstantes", "EjemploConstantes\EjemploConstantes.csproj", "{F4275FB0-F8FF-4446-AED7-BB046F94300C}"
EndProject
Global
	GlobalSection(SolutionConfigurationPlatforms) = preSolution
		Debug|Any CPU = Debug|Any CPU
		Release|Any CPU = Release|Any CPU
	EndGlobalSection
	GlobalSection(ProjectConfigurationPlatforms) = postSolution
		{F4275FB0-F8FF-4446-AED7-BB046F94300C}.Debug|Any CPU.ActiveCfg = Debug|Any CPU
		{F4275FB0-F8FF-4446-AED7-BB046F94300C}.Debug|Any CPU.Build.0 = Debug|Any CPU
		{F4275FB0-F8FF-4446-AED7-BB046F94300C}.Release|Any CPU.ActiveCfg = Release|Any CPU
		{F4275FB0-F8FF-4446-AED7-BB046F94300C}.Release|Any CPU.Build.0 = Release|Any CPU
	EndGlobalSection
	GlobalSection(SolutionProperties) = preSolution
		HideSolutionNode = FALSE
	EndGlobalSection
	GlobalSection(ExtensibilityGlobals) = postSolution
		SolutionGuid = {2D469731-E232-4DB6-B29E-509A663864C3}
	EndGlobalSection
EndGlobal
